{
  "name": "sovereign-credit-rating-wiki",
  "version": "1.0.0",
  "lockfileVersion": 3,
  "requires": true,
  "packages": {
    "": {
      "name": "sovereign-credit-rating-wiki",
      "version": "1.0.0",
      "dependencies": {
        "mycelium-mind": "file:../mycelium-mind"
      }
    },
    "../mycelium-mind": {
      "version": "0.1.1",
      "dependencies": {
        "gray-matter": "^4.0.3",
        "headroom-ai": "^0.1.0",
        "openai": "^6.44.0",
        "sirv": "^3.0.2",
        "yaml": "^2.9.0"
      },
      "bin": {
        "mm": "build/cli.js",
        "mycelium-mind": "build/cli.js"
      },
      "devDependencies": {
        "@types/node": "^25.9.0",
        "tsx": "^4.7.0",
        "typescript": "^5.3.3",
        "vitest": "^4.1.7"
      }
    },
    "node_modules/mycelium-mind": {
      "resolved": "../mycelium-mind",
      "link": true
    }
  }
}
